
Microsoft Visual Studio Solution File, Format Version 12.00
# Visual Studio 15
Project("{FAE04EC0-301F-11D3-BF4B-00C04F79EFBC}") = "Assembly-CSharp", "Assembly-CSharp.csproj", "{576B3AAE-00BF-8BAB-7221-664477AACB36}"
EndProject
Project("{FAE04EC0-301F-11D3-BF4B-00C04F79EFBC}") = "NuGetForUnity", "NuGetForUnity.csproj", "{2BCF2BC8-3108-7326-EE79-C431C61F1314}"
EndProject
Global
	GlobalSection(SolutionConfigurationPlatforms) = preSolution
		Debug|Any CPU = Debug|Any CPU
		Release|Any CPU = Release|Any CPU
	EndGlobalSection
	GlobalSection(ProjectConfigurationPlatforms) = postSolution
		{576B3AAE-00BF-8BAB-7221-664477AACB36}.Debug|Any CPU.ActiveCfg = Debug|Any CPU
		{576B3AAE-00BF-8BAB-7221-664477AACB36}.Debug|Any CPU.Build.0 = Debug|Any CPU
		{576B3AAE-00BF-8BAB-7221-664477AACB36}.Release|Any CPU.ActiveCfg = Release|Any CPU
		{576B3AAE-00BF-8BAB-7221-664477AACB36}.Release|Any CPU.Build.0 = Release|Any CPU
		{2BCF2BC8-3108-7326-EE79-C431C61F1314}.Debug|Any CPU.ActiveCfg = Debug|Any CPU
		{2BCF2BC8-3108-7326-EE79-C431C61F1314}.Debug|Any CPU.Build.0 = Debug|Any CPU
		{2BCF2BC8-3108-7326-EE79-C431C61F1314}.Release|Any CPU.ActiveCfg = Release|Any CPU
		{2BCF2BC8-3108-7326-EE79-C431C61F1314}.Release|Any CPU.Build.0 = Release|Any CPU
	EndGlobalSection
	GlobalSection(SolutionProperties) = preSolution
		HideSolutionNode = FALSE
	EndGlobalSection
EndGlobal
